
Microsoft Visual Studio Solution File, Format Version 12.00
# Visual Studio Version 17
VisualStudioVersion = 17.8.34330.188
MinimumVisualStudioVersion = 10.0.40219.1
Project("{888888A0-9F3D-457C-B088-3A5042F75D52}") = "lab2_task2", "lab2_task2.pyproj", "{37B146CC-AB55-40DA-BE11-95406A2FFEE4}"
EndProject
Global
	GlobalSection(SolutionConfigurationPlatforms) = preSolution
		Debug|Any CPU = Debug|Any CPU
		Release|Any CPU = Release|Any CPU
	EndGlobalSection
	GlobalSection(ProjectConfigurationPlatforms) = postSolution
		{37B146CC-AB55-40DA-BE11-95406A2FFEE4}.Debug|Any CPU.ActiveCfg = Debug|Any CPU
		{37B146CC-AB55-40DA-BE11-95406A2FFEE4}.Release|Any CPU.ActiveCfg = Release|Any CPU
	EndGlobalSection
	GlobalSection(SolutionProperties) = preSolution
		HideSolutionNode = FALSE
	EndGlobalSection
	GlobalSection(ExtensibilityGlobals) = postSolution
		SolutionGuid = {CF3BC6C1-A6C5-4534-8D41-D05A066ED910}
	EndGlobalSection
EndGlobal
